
Microsoft Visual Studio Solution File, Format Version 12.00
# Visual Studio 2012
Project("{FAE04EC0-301F-11D3-BF4B-00C04F79EFBC}") = "AnswerAReview.Web", "AnswerAReview.Web\AnswerAReview.Web.csproj", "{A662447F-F859-4611-8995-BB3A84482A57}"
EndProject
Project("{FAE04EC0-301F-11D3-BF4B-00C04F79EFBC}") = "AnswerAReview.Web.Tests", "AnswerAReview.Web.Tests\AnswerAReview.Web.Tests.csproj", "{B8C5E3C1-818D-4E23-BAF3-854623623793}"
EndProject
Global
	GlobalSection(SolutionConfigurationPlatforms) = preSolution
		Debug|Any CPU = Debug|Any CPU
		Release|Any CPU = Release|Any CPU
	EndGlobalSection
	GlobalSection(ProjectConfigurationPlatforms) = postSolution
		{A662447F-F859-4611-8995-BB3A84482A57}.Debug|Any CPU.ActiveCfg = Debug|Any CPU
		{A662447F-F859-4611-8995-BB3A84482A57}.Debug|Any CPU.Build.0 = Debug|Any CPU
		{A662447F-F859-4611-8995-BB3A84482A57}.Release|Any CPU.ActiveCfg = Release|Any CPU
		{A662447F-F859-4611-8995-BB3A84482A57}.Release|Any CPU.Build.0 = Release|Any CPU
		{B8C5E3C1-818D-4E23-BAF3-854623623793}.Debug|Any CPU.ActiveCfg = Debug|Any CPU
		{B8C5E3C1-818D-4E23-BAF3-854623623793}.Debug|Any CPU.Build.0 = Debug|Any CPU
		{B8C5E3C1-818D-4E23-BAF3-854623623793}.Release|Any CPU.ActiveCfg = Release|Any CPU
		{B8C5E3C1-818D-4E23-BAF3-854623623793}.Release|Any CPU.Build.0 = Release|Any CPU
	EndGlobalSection
	GlobalSection(SolutionProperties) = preSolution
		HideSolutionNode = FALSE
	EndGlobalSection
EndGlobal
